
Microsoft Visual Studio Solution File, Format Version 12.00
# Visual Studio 15
VisualStudioVersion = 15.0.27004.2010
MinimumVisualStudioVersion = 10.0.40219.1
Project("{FAE04EC0-301F-11D3-BF4B-00C04F79EFBC}") = "Databases", "Databases\Databases.csproj", "{FF6A0C02-3993-4B59-A861-A92CCF6238BD}"
EndProject
Global
	GlobalSection(SolutionConfigurationPlatforms) = preSolution
		Debug|Any CPU = Debug|Any CPU
		Release|Any CPU = Release|Any CPU
	EndGlobalSection
	GlobalSection(ProjectConfigurationPlatforms) = postSolution
		{FF6A0C02-3993-4B59-A861-A92CCF6238BD}.Debug|Any CPU.ActiveCfg = Debug|Any CPU
		{FF6A0C02-3993-4B59-A861-A92CCF6238BD}.Debug|Any CPU.Build.0 = Debug|Any CPU
		{FF6A0C02-3993-4B59-A861-A92CCF6238BD}.Release|Any CPU.ActiveCfg = Release|Any CPU
		{FF6A0C02-3993-4B59-A861-A92CCF6238BD}.Release|Any CPU.Build.0 = Release|Any CPU
	EndGlobalSection
	GlobalSection(SolutionProperties) = preSolution
		HideSolutionNode = FALSE
	EndGlobalSection
	GlobalSection(ExtensibilityGlobals) = postSolution
		SolutionGuid = {117F22E1-6674-4AC6-AE25-21A5B889D71A}
	EndGlobalSection
EndGlobal
